
Microsoft Visual Studio Solution File, Format Version 12.00
# Visual Studio 14
VisualStudioVersion = 14.0.24720.0
MinimumVisualStudioVersion = 10.0.40219.1
Project("{930C7802-8A8C-48F9-8165-68863BCCD9DD}") = "cups-windows", "cups-windows.wixproj", "{E29A4684-4124-4D3B-B68B-FC00F2058A66}"
EndProject
Global
	GlobalSection(SolutionConfigurationPlatforms) = preSolution
		Debug|x64 = Debug|x64
		Release|x64 = Release|x64
	EndGlobalSection
	GlobalSection(ProjectConfigurationPlatforms) = postSolution
		{E29A4684-4124-4D3B-B68B-FC00F2058A66}.Debug|x64.ActiveCfg = Debug|x64
		{E29A4684-4124-4D3B-B68B-FC00F2058A66}.Debug|x64.Build.0 = Debug|x64
		{E29A4684-4124-4D3B-B68B-FC00F2058A66}.Release|x64.ActiveCfg = Release|x64
		{E29A4684-4124-4D3B-B68B-FC00F2058A66}.Release|x64.Build.0 = Release|x64
	EndGlobalSection
	GlobalSection(SolutionProperties) = preSolution
		HideSolutionNode = FALSE
	EndGlobalSection
EndGlobal
